
Microsoft Visual Studio Solution File, Format Version 12.00
# Visual Studio Version 17
VisualStudioVersion = 17.12.35728.132 d17.12
MinimumVisualStudioVersion = 10.0.40219.1
Project("{FAE04EC0-301F-11D3-BF4B-00C04F79EFBC}") = "the-learning-lens", "the-learning-lens.csproj", "{8BAC582B-AB53-4892-9284-BB86D6075ACD}"
EndProject
Global
	GlobalSection(SolutionConfigurationPlatforms) = preSolution
		Debug|Any CPU = Debug|Any CPU
		Release|Any CPU = Release|Any CPU
	EndGlobalSection
	GlobalSection(ProjectConfigurationPlatforms) = postSolution
		{8BAC582B-AB53-4892-9284-BB86D6075ACD}.Debug|Any CPU.ActiveCfg = Debug|Any CPU
		{8BAC582B-AB53-4892-9284-BB86D6075ACD}.Debug|Any CPU.Build.0 = Debug|Any CPU
		{8BAC582B-AB53-4892-9284-BB86D6075ACD}.Release|Any CPU.ActiveCfg = Release|Any CPU
		{8BAC582B-AB53-4892-9284-BB86D6075ACD}.Release|Any CPU.Build.0 = Release|Any CPU
	EndGlobalSection
	GlobalSection(SolutionProperties) = preSolution
		HideSolutionNode = FALSE
	EndGlobalSection
EndGlobal
